// !$*UTF8*$!
{
	archiveVersion = 1;
	classes = {
	};
	objectVersion = 46;
	objects = {

/* Begin PBXBuildFile section */
		3F97BF2C1E54F34000E268EC /* AppDelegate.swift in Sources */ = {isa = PBXBuildFile; fileRef = 3F97BF2B1E54F34000E268EC /* AppDelegate.swift */; };
		3F97BF2E1E54F34000E268EC /* ViewController.swift in Sources */ = {isa = PBXBuildFile; fileRef = 3F97BF2D1E54F34000E268EC /* ViewController.swift */; };
		3F97BF311E54F34000E268EC /* Main.storyboard in Resources */ = {isa = PBXBuildFile; fileRef = 3F97BF2F1E54F34000E268EC /* Main.storyboard */; };
		3F97BF331E54F34000E268EC /* Assets.xcassets in Resources */ = {isa = PBXBuildFile; fileRef = 3F97BF321E54F34000E268EC /* Assets.xcassets */; };
		3F97BF361E54F34000E268EC /* LaunchScreen.storyboard in Resources */ = {isa = PBXBuildFile; fileRef = 3F97BF341E54F34000E268EC /* LaunchScreen.storyboard */; };
/* End PBXBuildFile section */

/* Begin PBXFileReference section */
		3F97BF281E54F34000E268EC /* CoreDataVideoSeries.app */ = {isa = PBXFileReference; explicitFileType = wrapper.application; includeInIndex = 0; path = CoreDataVideoSeries.app; sourceTree = BUILT_PRODUCTS_DIR; };
		3F97BF2B1E54F34000E268EC /* AppDelegate.swift */ = {isa = PBXFileReference; lastKnownFileType = sourcecode.swift; path = AppDelegate.swift; sourceTree = "<group>"; };
		3F97BF2D1E54F34000E268EC /* ViewController.swift */ = {isa = PBXFileReference; lastKnownFileType = sourcecode.swift; path = ViewController.swift; sourceTree = "<group>"; };
		3F97BF301E54F34000E268EC /* Base */ = {isa = PBXFileReference; lastKnownFileType = file.storyboard; name = Base; path = Base.lproj/Main.storyboard; sourceTree = "<group>"; };
		3F97BF321E54F34000E268EC /* Assets.xcassets */ = {isa = PBXFileReference; lastKnownFileType = folder.assetcatalog; path = Assets.xcassets; sourceTree = "<group>"; };
		3F97BF351E54F34000E268EC /* Base */ = {isa = PBXFileReference; lastKnownFileType = file.storyboard; name = Base; path = Base.lproj/LaunchScreen.storyboard; sourceTree = "<group>"; };
		3F97BF371E54F34000E268EC /* Info.plist */ = {isa = PBXFileReference; lastKnownFileType = text.plist.xml; path = Info.plist; sourceTree = "<group>"; };
/* End PBXFileReference section */

/* Begin PBXFrameworksBuildPhase section */
		3F97BF251E54F34000E268EC /* Frameworks */ = {
			isa = PBXFrameworksBuildPhase;
			buildActionMask = 2147483647;
			files = (
			);
			runOnlyForDeploymentPostprocessing = 0;
		};
/* End PBXFrameworksBuildPhase section */

/* Begin PBXGroup section */
		3F97BF1F1E54F34000E268EC = {
			isa = PBXGroup;
			children = (
				3F97BF2A1E54F34000E268EC /* CoreDataVideoSeries */,
				3F97BF291E54F34000E268EC /* Products */,
			);
			sourceTree = "<group>";
		};
		3F97BF291E54F34000E268EC /* Products */ = {
			isa = PBXGroup;
			children = (
				3F97BF281E54F34000E268EC /* CoreDataVideoSeries.app */,
			);
			name = Products;
			sourceTree = "<group>";
		};
		3F97BF2A1E54F34000E268EC /* CoreDataVideoSeries */ = {
			isa = PBXGroup;
			children = (
				3F97BF2B1E54F34000E268EC /* AppDelegate.swift */,
				3F97BF2D1E54F34000E268EC /* ViewController.swift */,
				3F97BF2F1E54F34000E268EC /* Main.storyboard */,
				3F97BF321E54F34000E268EC /* Assets.xcassets */,
				3F97BF341E54F34000E268EC /* LaunchScreen.storyboard */,
				3F97BF371E54F34000E268EC /* Info.plist */,
			);
			path = CoreDataVideoSeries;
			sourceTree = "<group>";
		};
/* End PBXGroup section */

/* Begin PBXNativeTarget section */
		3F97BF271E54F34000E268EC /* CoreDataVideoSeries */ = {
			isa = PBXNativeTarget;
			buildConfigurationList = 3F97BF3A1E54F34000E268EC /* Build configuration list for PBXNativeTarget "CoreDataVideoSeries" */;
			buildPhases = (
				3F97BF241E54F34000E268EC /* Sources */,
				3F97BF251E54F34000E268EC /* Frameworks */,
				3F97BF261E54F34000E268EC /* Resources */,
			);
			buildRules = (
			);
			dependencies = (
			);
			name = CoreDataVideoSeries;
			productName = CoreDataVideoSeries;
			productReference = 3F97BF281E54F34000E268EC /* CoreDataVideoSeries.app */;
			productType = "com.apple.product-type.application";
		};
/* End PBXNativeTarget section */

/* Begin PBXProject section */
		3F97BF201E54F34000E268EC /* Project object */ = {
			isa = PBXProject;
			attributes = {
				LastSwiftUpdateCheck = 0820;
				LastUpgradeCheck = 0820;
				ORGANIZATIONNAME = student;
				TargetAttributes = {
					3F97BF271E54F34000E268EC = {
						CreatedOnToolsVersion = 8.2;
						ProvisioningStyle = Automatic;
					};
				};
			};
			buildConfigurationList = 3F97BF231E54F34000E268EC /* Build configuration list for PBXProject "CoreDataVideoSeries" */;
			compatibilityVersion = "Xcode 3.2";
			developmentRegion = English;
			hasScannedForEncodings = 0;
			knownRegions = (
				en,
				Base,
			);
			mainGroup = 3F97BF1F1E54F34000E268EC;
			productRefGroup = 3F97BF291E54F34000E268EC /* Products */;
			projectDirPath = "";
			projectRoot = "";
			targets = (
				3F97BF271E54F34000E268EC /* CoreDataVideoSeries */,
			);
		};
/* End PBXProject section */

/* Begin PBXResourcesBuildPhase section */
		3F97BF261E54F34000E268EC /* Resources */ = {
			isa = PBXResourcesBuildPhase;
			buildActionMask = 2147483647;
			files = (
				3F97BF361E54F34000E268EC /* LaunchScreen.storyboard in Resources */,
				3F97BF331E54F34000E268EC /* Assets.xcassets in Resources */,
				3F97BF311E54F34000E268EC /* Main.storyboard in Resources */,
			);
			runOnlyForDeploymentPostprocessing = 0;
		};
/* End PBXResourcesBuildPhase section */

/* Begin PBXSourcesBuildPhase section */
		3F97BF241E54F34000E268EC /* Sources */ = {
			isa = PBXSourcesBuildPhase;
			buildActionMask = 2147483647;
			files = (
				3F97BF2E1E54F34000E268EC /* ViewController.swift in Sources */,
				3F97BF2C1E54F34000E268EC /* AppDelegate.swift in Sources */,
			);
			runOnlyForDeploymentPostprocessing = 0;
		};
/* End PBXSourcesBuildPhase section */

/* Begin PBXVariantGroup section */
		3F97BF2F1E54F34000E268EC /* Main.storyboard */ = {
			isa = PBXVariantGroup;
			children = (
				3F97BF301E54F34000E268EC /* Base */,
			);
			name = Main.storyboard;
			sourceTree = "<group>";
		};
		3F97BF341E54F34000E268EC /* LaunchScreen.storyboard */ = {
			isa = PBXVariantGroup;
			children = (
				3F97BF351E54F34000E268EC /* Base */,
			);
			name = LaunchScreen.storyboard;
			sourceTree = "<group>";
		};
/* End PBXVariantGroup section */

/* Begin XCBuildConfiguration section */
		3F97BF381E54F34000E268EC /* Debug */ = {
			isa = XCBuildConfiguration;
			buildSettings = {
				ALWAYS_SEARCH_USER_PATHS = NO;
				CLANG_ANALYZER_NONNULL = YES;
				CLANG_CXX_LANGUAGE_STANDARD = "gnu++0x";
				CLANG_CXX_LIBRARY = "libc++";
				CLANG_ENABLE_MODULES = YES;
				CLANG_ENABLE_OBJC_ARC = YES;
				CLANG_WARN_BOOL_CONVERSION = YES;
				CLANG_WARN_CONSTANT_CONVERSION = YES;
				CLANG_WARN_DIRECT_OBJC_ISA_USAGE = YES_ERROR;
				CLANG_WARN_DOCUMENTATION_COMMENTS = YES;
				CLANG_WARN_EMPTY_BODY = YES;
				CLANG_WARN_ENUM_CONVERSION = YES;
				CLANG_WARN_INFINITE_RECURSION = YES;
				CLANG_WARN_INT_CONVERSION = YES;
				CLANG_WARN_OBJC_ROOT_CLASS = YES_ERROR;
				CLANG_WARN_SUSPICIOUS_MOVE = YES;
				CLANG_WARN_UNREACHABLE_CODE = YES;
				CLANG_WARN__DUPLICATE_METHOD_MATCH = YES;
				"CODE_SIGN_IDENTITY[sdk=iphoneos*]" = "iPhone Developer";
				COPY_PHASE_STRIP = NO;
				DEBUG_INFORMATION_FORMAT = dwarf;
				ENABLE_STRICT_OBJC_MSGSEND = YES;
				ENABLE_TESTABILITY = YES;
				GCC_C_LANGUAGE_STANDARD = gnu99;
				GCC_DYNAMIC_NO_PIC = NO;
				GCC_NO_COMMON_BLOCKS = YES;
				GCC_OPTIMIZATION_LEVEL = 0;
				GCC_PREPROCESSOR_DEFINITIONS = (
					"DEBUG=1",
					"$(inherited)",
				);
				GCC_WARN_64_TO_32_BIT_CONVERSION = YES;
				GCC_WARN_ABOUT_RETURN_TYPE = YES_ERROR;
				GCC_WARN_UNDECLARED_SELECTOR = YES;
				GCC_WARN_UNINITIALIZED_AUTOS = YES_AGGRESSIVE;
				GCC_WARN_UNUSED_FUNCTION = YES;
				GCC_WARN_UNUSED_VARIABLE = YES;
				IPHONEOS_DEPLOYMENT_TARGET = 10.2;
				MTL_ENABLE_DEBUG_INFO = YES;
				ONLY_ACTIVE_ARCH = YES;
				SDKROOT = iphoneos;
				SWIFT_ACTIVE_COMPILATION_CONDITIONS = DEBUG;
				SWIFT_OPTIMIZATION_LEVEL = "-Onone";
			};
			name = Debug;
		};
		3F97BF391E54F34000E268EC /* Release */ = {
			isa = XCBuildConfiguration;
			buildSettings = {
				ALWAYS_SEARCH_USER_PATHS = NO;
				CLANG_ANALYZER_NONNULL = YES;
				CLANG_CXX_LANGUAGE_STANDARD = "gnu++0x";
				CLANG_CXX_LIBRARY = "libc++";
				CLANG_ENABLE_MODULES = YES;
				CLANG_ENABLE_OBJC_ARC = YES;
				CLANG_WARN_BOOL_CONVERSION = YES;
				CLANG_WARN_CONSTANT_CONVERSION = YES;
				CLANG_WARN_DIRECT_OBJC_ISA_USAGE = YES_ERROR;
				CLANG_WARN_DOCUMENTATION_COMMENTS = YES;
				CLANG_WARN_EMPTY_BODY = YES;
				CLANG_WARN_ENUM_CONVERSION = YES;
				CLANG_WARN_INFINITE_RECURSION = YES;
				CLANG_WARN_INT_CONVERSION = YES;
				CLANG_WARN_OBJC_ROOT_CLASS = YES_ERROR;
				CLANG_WARN_SUSPICIOUS_MOVE = YES;
				CLANG_WARN_UNREACHABLE_CODE = YES;
				CLANG_WARN__DUPLICATE_METHOD_MATCH = YES;
				"CODE_SIGN_IDENTITY[sdk=iphoneos*]" = "iPhone Developer";
				COPY_PHASE_STRIP = NO;
				DEBUG_INFORMATION_FORMAT = "dwarf-with-dsym";
				ENABLE_NS_ASSERTIONS = NO;
				ENABLE_STRICT_OBJC_MSGSEND = YES;
				GCC_C_LANGUAGE_STANDARD = gnu99;
				GCC_NO_COMMON_BLOCKS = YES;
				GCC_WARN_64_TO_32_BIT_CONVERSION = YES;
				GCC_WARN_ABOUT_RETURN_TYPE = YES_ERROR;
				GCC_WARN_UNDECLARED_SELECTOR = YES;
				GCC_WARN_UNINITIALIZED_AUTOS = YES_AGGRESSIVE;
				GCC_WARN_UNUSED_FUNCTION = YES;
				GCC_WARN_UNUSED_VARIABLE = YES;
				IPHONEOS_DEPLOYMENT_TARGET = 10.2;
				MTL_ENABLE_DEBUG_INFO = NO;
				SDKROOT = iphoneos;
				SWIFT_OPTIMIZATION_LEVEL = "-Owholemodule";
				VALIDATE_PRODUCT = YES;
			};
			name = Release;
		};
		3F97BF3B1E54F34000E268EC /* Debug */ = {
			isa = XCBuildConfiguration;
			buildSettings = {
				ASSETCATALOG_COMPILER_APPICON_NAME = AppIcon;
				INFOPLIST_FILE = CoreDataVideoSeries/Info.plist;
				LD_RUNPATH_SEARCH_PATHS = "$(inherited) @executable_path/Frameworks";
				PRODUCT_BUNDLE_IDENTIFIER = com.chadillon.CoreDataVideoSeries;
				PRODUCT_NAME = "$(TARGET_NAME)";
				SWIFT_VERSION = 3.0;
			};
			name = Debug;
		};
		3F97BF3C1E54F34000E268EC /* Release */ = {
			isa = XCBuildConfiguration;
			buildSettings = {
				ASSETCATALOG_COMPILER_APPICON_NAME = AppIcon;
				INFOPLIST_FILE = CoreDataVideoSeries/Info.plist;
				LD_RUNPATH_SEARCH_PATHS = "$(inherited) @executable_path/Frameworks";
				PRODUCT_BUNDLE_IDENTIFIER = com.chadillon.CoreDataVideoSeries;
				PRODUCT_NAME = "$(TARGET_NAME)";
				SWIFT_VERSION = 3.0;
			};
			name = Release;
		};
/* End XCBuildConfiguration section */

/* Begin XCConfigurationList section */
		3F97BF231E54F34000E268EC /* Build configuration list for PBXProject "CoreDataVideoSeries" */ = {
			isa = XCConfigurationList;
			buildConfigurations = (
				3F97BF381E54F34000E268EC /* Debug */,
				3F97BF391E54F34000E268EC /* Release */,
			);
			defaultConfigurationIsVisible = 0;
			defaultConfigurationName = Release;
		};
		3F97BF3A1E54F34000E268EC /* Build configuration list for PBXNativeTarget "CoreDataVideoSeries" */ = {
			isa = XCConfigurationList;
			buildConfigurations = (
				3F97BF3B1E54F34000E268EC /* Debug */,
				3F97BF3C1E54F34000E268EC /* Release */,
			);
			defaultConfigurationIsVisible = 0;
		};
/* End XCConfigurationList section */
	};
	rootObject = 3F97BF201E54F34000E268EC /* Project object */;
}
